
Microsoft Visual Studio Solution File, Format Version 12.00
# Visual Studio Version 17
VisualStudioVersion = 17.14.36511.14
MinimumVisualStudioVersion = 10.0.40219.1
Project("{FAE04EC0-301F-11D3-BF4B-00C04F79EFBC}") = "SignalRClient.Api", "SignalRClient.Api\SignalRClient.Api.csproj", "{E83B8808-B594-4B2A-A633-B6674D6C647B}"
EndProject
Project("{FAE04EC0-301F-11D3-BF4B-00C04F79EFBC}") = "SignalRClient.Shared", "SignalRClient.Shared\SignalRClient.Shared.csproj", "{92CDAD73-EFEB-40F8-A39A-AAD3FCB91B62}"
EndProject
Project("{FAE04EC0-301F-11D3-BF4B-00C04F79EFBC}") = "SignalRClient.Console", "SignalRClient.Console\SignalRClient.Console.csproj", "{FCF60079-9057-4C27-B44C-7AB78528C8F2}"
EndProject
Global
	GlobalSection(SolutionConfigurationPlatforms) = preSolution
		Debug|Any CPU = Debug|Any CPU
		Release|Any CPU = Release|Any CPU
	EndGlobalSection
	GlobalSection(ProjectConfigurationPlatforms) = postSolution
		{E83B8808-B594-4B2A-A633-B6674D6C647B}.Debug|Any CPU.ActiveCfg = Debug|Any CPU
		{E83B8808-B594-4B2A-A633-B6674D6C647B}.Debug|Any CPU.Build.0 = Debug|Any CPU
		{E83B8808-B594-4B2A-A633-B6674D6C647B}.Release|Any CPU.ActiveCfg = Release|Any CPU
		{E83B8808-B594-4B2A-A633-B6674D6C647B}.Release|Any CPU.Build.0 = Release|Any CPU
		{92CDAD73-EFEB-40F8-A39A-AAD3FCB91B62}.Debug|Any CPU.ActiveCfg = Debug|Any CPU
		{92CDAD73-EFEB-40F8-A39A-AAD3FCB91B62}.Debug|Any CPU.Build.0 = Debug|Any CPU
		{92CDAD73-EFEB-40F8-A39A-AAD3FCB91B62}.Release|Any CPU.ActiveCfg = Release|Any CPU
		{92CDAD73-EFEB-40F8-A39A-AAD3FCB91B62}.Release|Any CPU.Build.0 = Release|Any CPU
		{FCF60079-9057-4C27-B44C-7AB78528C8F2}.Debug|Any CPU.ActiveCfg = Debug|Any CPU
		{FCF60079-9057-4C27-B44C-7AB78528C8F2}.Debug|Any CPU.Build.0 = Debug|Any CPU
		{FCF60079-9057-4C27-B44C-7AB78528C8F2}.Release|Any CPU.ActiveCfg = Release|Any CPU
		{FCF60079-9057-4C27-B44C-7AB78528C8F2}.Release|Any CPU.Build.0 = Release|Any CPU
	EndGlobalSection
	GlobalSection(SolutionProperties) = preSolution
		HideSolutionNode = FALSE
	EndGlobalSection
	GlobalSection(ExtensibilityGlobals) = postSolution
		SolutionGuid = {4FD89A02-D238-4150-95A6-95381A1E744B}
	EndGlobalSection
EndGlobal
